// !$*UTF8*$!
{
	archiveVersion = 1;
	classes = {
	};
	objectVersion = 56;
	objects = {

/* Begin PBXBuildFile section */
		2A40E65B29EF5913007B0FD2 /* Shimmer in Frameworks */ = {isa = PBXBuildFile; productRef = 2A40E65A29EF5913007B0FD2 /* Shimmer */; };
		2A40E65D29EF597B007B0FD2 /* Assets.xcassets in Resources */ = {isa = PBXBuildFile; fileRef = 2A40E65C29EF597B007B0FD2 /* Assets.xcassets */; };
		ED5B276C29E564E500451559 /* PortfolioDataService.swift in Sources */ = {isa = PBXBuildFile; fileRef = ED5B276B29E564E500451559 /* PortfolioDataService.swift */; };
		ED5B276E29E5B98400451559 /* HapticManager.swift in Sources */ = {isa = PBXBuildFile; fileRef = ED5B276D29E5B98400451559 /* HapticManager.swift */; };
		ED5B277029E5FB1700451559 /* CustomRefreshVie.swift in Sources */ = {isa = PBXBuildFile; fileRef = ED5B276F29E5FB1700451559 /* CustomRefreshVie.swift */; };
		ED87E56429DED63400712E98 /* CryptoMallApp.swift in Sources */ = {isa = PBXBuildFile; fileRef = ED87E56329DED63400712E98 /* CryptoMallApp.swift */; };
		ED87E56B29DED63700712E98 /* Preview Assets.xcassets in Resources */ = {isa = PBXBuildFile; fileRef = ED87E56A29DED63700712E98 /* Preview Assets.xcassets */; };
		ED87E58229DF26CF00712E98 /* Color.swift in Sources */ = {isa = PBXBuildFile; fileRef = ED87E58129DF26CF00712E98 /* Color.swift */; };
		ED87E58829DF296E00712E98 /* HomeView.swift in Sources */ = {isa = PBXBuildFile; fileRef = ED87E58729DF296E00712E98 /* HomeView.swift */; };
		ED87E58C29DF2AC800712E98 /* CircleButtonView.swift in Sources */ = {isa = PBXBuildFile; fileRef = ED87E58B29DF2AC800712E98 /* CircleButtonView.swift */; };
		ED87E59229DFFE9D00712E98 /* CircleButtonAnimationView.swift in Sources */ = {isa = PBXBuildFile; fileRef = ED87E59129DFFE9D00712E98 /* CircleButtonAnimationView.swift */; };
		ED87E59729E0030900712E98 /* CryptoModel.swift in Sources */ = {isa = PBXBuildFile; fileRef = ED87E59629E0030900712E98 /* CryptoModel.swift */; };
		ED87E59929E0166B00712E98 /* CryptoRowView.swift in Sources */ = {isa = PBXBuildFile; fileRef = ED87E59829E0166B00712E98 /* CryptoRowView.swift */; };
		ED87E59B29E016D500712E98 /* PreviewProvider.swift in Sources */ = {isa = PBXBuildFile; fileRef = ED87E59A29E016D500712E98 /* PreviewProvider.swift */; };
		ED87E59D29E01F2000712E98 /* Double.swift in Sources */ = {isa = PBXBuildFile; fileRef = ED87E59C29E01F2000712E98 /* Double.swift */; };
		ED87E59F29E033BB00712E98 /* HomeViewModel.swift in Sources */ = {isa = PBXBuildFile; fileRef = ED87E59E29E033BB00712E98 /* HomeViewModel.swift */; };
		ED87E5A229E03E9900712E98 /* CryptoDataSeervices.swift in Sources */ = {isa = PBXBuildFile; fileRef = ED87E5A129E03E9900712E98 /* CryptoDataSeervices.swift */; };
		ED87E5A529E0C57D00712E98 /* NetManager.swift in Sources */ = {isa = PBXBuildFile; fileRef = ED87E5A429E0C57D00712E98 /* NetManager.swift */; };
		ED87E5A829E0CBC900712E98 /* CryptoImageView.swift in Sources */ = {isa = PBXBuildFile; fileRef = ED87E5A729E0CBC900712E98 /* CryptoImageView.swift */; };
		ED87E5AA29E1887B00712E98 /* CryptoImageService.swift in Sources */ = {isa = PBXBuildFile; fileRef = ED87E5A929E1887B00712E98 /* CryptoImageService.swift */; };
		ED87E5AC29E18A7800712E98 /* CoinImageViewModel.swift in Sources */ = {isa = PBXBuildFile; fileRef = ED87E5AB29E18A7800712E98 /* CoinImageViewModel.swift */; };
		ED87E5AE29E1907800712E98 /* DataStorage.swift in Sources */ = {isa = PBXBuildFile; fileRef = ED87E5AD29E1907800712E98 /* DataStorage.swift */; };
		ED87E5B029E19B4B00712E98 /* SearchbarView.swift in Sources */ = {isa = PBXBuildFile; fileRef = ED87E5AF29E19B4B00712E98 /* SearchbarView.swift */; };
		ED87E5B229E212C700712E98 /* UIAplication.swift in Sources */ = {isa = PBXBuildFile; fileRef = ED87E5B129E212C700712E98 /* UIAplication.swift */; };
		ED87E5B429E2198700712E98 /* Statistics.swift in Sources */ = {isa = PBXBuildFile; fileRef = ED87E5B329E2198700712E98 /* Statistics.swift */; };
		ED87E5B629E2B97000712E98 /* StatisticsView.swift in Sources */ = {isa = PBXBuildFile; fileRef = ED87E5B529E2B97000712E98 /* StatisticsView.swift */; };
		ED87E5B829E2BDCA00712E98 /* HomeStatsView.swift in Sources */ = {isa = PBXBuildFile; fileRef = ED87E5B729E2BDCA00712E98 /* HomeStatsView.swift */; };
		ED87E5BA29E2C11800712E98 /* MarketDataModel.swift in Sources */ = {isa = PBXBuildFile; fileRef = ED87E5B929E2C11800712E98 /* MarketDataModel.swift */; };
		ED87E5BC29E2C54A00712E98 /* MarketDataService.swift in Sources */ = {isa = PBXBuildFile; fileRef = ED87E5BB29E2C54A00712E98 /* MarketDataService.swift */; };
		ED87E5C129E3108500712E98 /* PortfolioView.swift in Sources */ = {isa = PBXBuildFile; fileRef = ED87E5C029E3108500712E98 /* PortfolioView.swift */; };
		ED87E5C329E337FA00712E98 /* XmarkButton.swift in Sources */ = {isa = PBXBuildFile; fileRef = ED87E5C229E337FA00712E98 /* XmarkButton.swift */; };
		ED87E5C529E33B4800712E98 /* CryptoLogoView.swift in Sources */ = {isa = PBXBuildFile; fileRef = ED87E5C429E33B4800712E98 /* CryptoLogoView.swift */; };
		ED9B43D329E7FCDF00E5D645 /* DetailView.swift in Sources */ = {isa = PBXBuildFile; fileRef = ED9B43D229E7FCDF00E5D645 /* DetailView.swift */; };
		ED9B43D529E7FD6B00E5D645 /* DetailViewModel.swift in Sources */ = {isa = PBXBuildFile; fileRef = ED9B43D429E7FD6B00E5D645 /* DetailViewModel.swift */; };
		ED9B43D729E808AC00E5D645 /* CryptoDetailModel.swift in Sources */ = {isa = PBXBuildFile; fileRef = ED9B43D629E808AC00E5D645 /* CryptoDetailModel.swift */; };
		ED9B43D929E80B6D00E5D645 /* CryptoDetailService.swift in Sources */ = {isa = PBXBuildFile; fileRef = ED9B43D829E80B6D00E5D645 /* CryptoDetailService.swift */; };
		ED9B43DB29E82F1800E5D645 /* ChartView.swift in Sources */ = {isa = PBXBuildFile; fileRef = ED9B43DA29E82F1800E5D645 /* ChartView.swift */; };
		ED9B43DD29E837E700E5D645 /* Date.swift in Sources */ = {isa = PBXBuildFile; fileRef = ED9B43DC29E837E700E5D645 /* Date.swift */; };
		ED9B43DF29E8506400E5D645 /* String.swift in Sources */ = {isa = PBXBuildFile; fileRef = ED9B43DE29E8506400E5D645 /* String.swift */; };
		ED9B43E329E867C500E5D645 /* SettingsView.swift in Sources */ = {isa = PBXBuildFile; fileRef = ED9B43E229E867C500E5D645 /* SettingsView.swift */; };
		ED9B43F129E93D2E00E5D645 /* LaunchScreen.storyboard in Resources */ = {isa = PBXBuildFile; fileRef = ED9B43F029E93D2E00E5D645 /* LaunchScreen.storyboard */; };
		ED9B43F329E93F1200E5D645 /* LaunchView.swift in Sources */ = {isa = PBXBuildFile; fileRef = ED9B43F229E93F1200E5D645 /* LaunchView.swift */; };
		EDA63DC929EC0A290023F1BA /* RefreshSound.mp3 in Resources */ = {isa = PBXBuildFile; fileRef = EDA63DC729EC0A280023F1BA /* RefreshSound.mp3 */; };
		EDA63DCA29EC0A290023F1BA /* PullSound.mp3 in Resources */ = {isa = PBXBuildFile; fileRef = EDA63DC829EC0A290023F1BA /* PullSound.mp3 */; };
		EDA63DCD29EC394F0023F1BA /* SoundManager.swift in Sources */ = {isa = PBXBuildFile; fileRef = EDA63DCC29EC394F0023F1BA /* SoundManager.swift */; };
		EDA63DCF29ECA6CD0023F1BA /* MainView.swift in Sources */ = {isa = PBXBuildFile; fileRef = EDA63DCE29ECA6CD0023F1BA /* MainView.swift */; };
		EDA63DD229ECAAB30023F1BA /* TabButton.swift in Sources */ = {isa = PBXBuildFile; fileRef = EDA63DD129ECAAB30023F1BA /* TabButton.swift */; };
		EDA63DD829ECADD30023F1BA /* ContentView.swift in Sources */ = {isa = PBXBuildFile; fileRef = EDA63DD729ECADD30023F1BA /* ContentView.swift */; };
		EDA63DDB29ECAF750023F1BA /* CustomCorners.swift in Sources */ = {isa = PBXBuildFile; fileRef = EDA63DDA29ECAF750023F1BA /* CustomCorners.swift */; };
		EDA63DDD29EDAD0D0023F1BA /* SideMenuView.swift in Sources */ = {isa = PBXBuildFile; fileRef = EDA63DDC29EDAD0C0023F1BA /* SideMenuView.swift */; };
		EDA63DDF29EDADEB0023F1BA /* MainTabView.swift in Sources */ = {isa = PBXBuildFile; fileRef = EDA63DDE29EDADEB0023F1BA /* MainTabView.swift */; };
		EDD2E73F29E44BDF001A912A /* PortfolioDataModel.xcdatamodeld in Sources */ = {isa = PBXBuildFile; fileRef = EDD2E73D29E44BDF001A912A /* PortfolioDataModel.xcdatamodeld */; };
/* End PBXBuildFile section */

/* Begin PBXFileReference section */
		2A40E65C29EF597B007B0FD2 /* Assets.xcassets */ = {isa = PBXFileReference; lastKnownFileType = folder.assetcatalog; path = Assets.xcassets; sourceTree = "<group>"; };
		601A7C035514DB88DDE1402B /* Pods_CryptoMall.framework */ = {isa = PBXFileReference; explicitFileType = wrapper.framework; includeInIndex = 0; path = Pods_CryptoMall.framework; sourceTree = BUILT_PRODUCTS_DIR; };
		ED5B276B29E564E500451559 /* PortfolioDataService.swift */ = {isa = PBXFileReference; lastKnownFileType = sourcecode.swift; path = PortfolioDataService.swift; sourceTree = "<group>"; };
		ED5B276D29E5B98400451559 /* HapticManager.swift */ = {isa = PBXFileReference; lastKnownFileType = sourcecode.swift; path = HapticManager.swift; sourceTree = "<group>"; };
		ED5B276F29E5FB1700451559 /* CustomRefreshVie.swift */ = {isa = PBXFileReference; lastKnownFileType = sourcecode.swift; path = CustomRefreshVie.swift; sourceTree = "<group>"; };
		ED87E56029DED63400712E98 /* CryptoMall.app */ = {isa = PBXFileReference; explicitFileType = wrapper.application; includeInIndex = 0; path = CryptoMall.app; sourceTree = BUILT_PRODUCTS_DIR; };
		ED87E56329DED63400712E98 /* CryptoMallApp.swift */ = {isa = PBXFileReference; lastKnownFileType = sourcecode.swift; path = CryptoMallApp.swift; sourceTree = "<group>"; };
		ED87E56A29DED63700712E98 /* Preview Assets.xcassets */ = {isa = PBXFileReference; lastKnownFileType = folder.assetcatalog; path = "Preview Assets.xcassets"; sourceTree = "<group>"; };
		ED87E58129DF26CF00712E98 /* Color.swift */ = {isa = PBXFileReference; lastKnownFileType = sourcecode.swift; path = Color.swift; sourceTree = "<group>"; };
		ED87E58729DF296E00712E98 /* HomeView.swift */ = {isa = PBXFileReference; lastKnownFileType = sourcecode.swift; name = HomeView.swift; path = CryptoMall/HomeView.swift; sourceTree = SOURCE_ROOT; };
		ED87E58B29DF2AC800712E98 /* CircleButtonView.swift */ = {isa = PBXFileReference; lastKnownFileType = sourcecode.swift; path = CircleButtonView.swift; sourceTree = "<group>"; };
		ED87E59129DFFE9D00712E98 /* CircleButtonAnimationView.swift */ = {isa = PBXFileReference; lastKnownFileType = sourcecode.swift; path = CircleButtonAnimationView.swift; sourceTree = "<group>"; };
		ED87E59629E0030900712E98 /* CryptoModel.swift */ = {isa = PBXFileReference; lastKnownFileType = sourcecode.swift; path = CryptoModel.swift; sourceTree = "<group>"; };
		ED87E59829E0166B00712E98 /* CryptoRowView.swift */ = {isa = PBXFileReference; lastKnownFileType = sourcecode.swift; path = CryptoRowView.swift; sourceTree = "<group>"; };
		ED87E59A29E016D500712E98 /* PreviewProvider.swift */ = {isa = PBXFileReference; lastKnownFileType = sourcecode.swift; path = PreviewProvider.swift; sourceTree = "<group>"; };
		ED87E59C29E01F2000712E98 /* Double.swift */ = {isa = PBXFileReference; lastKnownFileType = sourcecode.swift; path = Double.swift; sourceTree = "<group>"; };
		ED87E59E29E033BB00712E98 /* HomeViewModel.swift */ = {isa = PBXFileReference; lastKnownFileType = sourcecode.swift; path = HomeViewModel.swift; sourceTree = "<group>"; };
		ED87E5A129E03E9900712E98 /* CryptoDataSeervices.swift */ = {isa = PBXFileReference; lastKnownFileType = sourcecode.swift; path = CryptoDataSeervices.swift; sourceTree = "<group>"; };
		ED87E5A429E0C57D00712E98 /* NetManager.swift */ = {isa = PBXFileReference; lastKnownFileType = sourcecode.swift; path = NetManager.swift; sourceTree = "<group>"; };
		ED87E5A729E0CBC900712E98 /* CryptoImageView.swift */ = {isa = PBXFileReference; lastKnownFileType = sourcecode.swift; path = CryptoImageView.swift; sourceTree = "<group>"; };
		ED87E5A929E1887B00712E98 /* CryptoImageService.swift */ = {isa = PBXFileReference; lastKnownFileType = sourcecode.swift; path = CryptoImageService.swift; sourceTree = "<group>"; };
		ED87E5AB29E18A7800712E98 /* CoinImageViewModel.swift */ = {isa = PBXFileReference; lastKnownFileType = sourcecode.swift; path = CoinImageViewModel.swift; sourceTree = "<group>"; };
		ED87E5AD29E1907800712E98 /* DataStorage.swift */ = {isa = PBXFileReference; lastKnownFileType = sourcecode.swift; path = DataStorage.swift; sourceTree = "<group>"; };
		ED87E5AF29E19B4B00712E98 /* SearchbarView.swift */ = {isa = PBXFileReference; lastKnownFileType = sourcecode.swift; path = SearchbarView.swift; sourceTree = "<group>"; };
		ED87E5B129E212C700712E98 /* UIAplication.swift */ = {isa = PBXFileReference; lastKnownFileType = sourcecode.swift; path = UIAplication.swift; sourceTree = "<group>"; };
		ED87E5B329E2198700712E98 /* Statistics.swift */ = {isa = PBXFileReference; lastKnownFileType = sourcecode.swift; path = Statistics.swift; sourceTree = "<group>"; };
		ED87E5B529E2B97000712E98 /* StatisticsView.swift */ = {isa = PBXFileReference; lastKnownFileType = sourcecode.swift; path = StatisticsView.swift; sourceTree = "<group>"; };
		ED87E5B729E2BDCA00712E98 /* HomeStatsView.swift */ = {isa = PBXFileReference; lastKnownFileType = sourcecode.swift; path = HomeStatsView.swift; sourceTree = "<group>"; };
		ED87E5B929E2C11800712E98 /* MarketDataModel.swift */ = {isa = PBXFileReference; lastKnownFileType = sourcecode.swift; path = MarketDataModel.swift; sourceTree = "<group>"; };
		ED87E5BB29E2C54A00712E98 /* MarketDataService.swift */ = {isa = PBXFileReference; lastKnownFileType = sourcecode.swift; path = MarketDataService.swift; sourceTree = "<group>"; };
		ED87E5C029E3108500712E98 /* PortfolioView.swift */ = {isa = PBXFileReference; lastKnownFileType = sourcecode.swift; path = PortfolioView.swift; sourceTree = "<group>"; };
		ED87E5C229E337FA00712E98 /* XmarkButton.swift */ = {isa = PBXFileReference; lastKnownFileType = sourcecode.swift; path = XmarkButton.swift; sourceTree = "<group>"; };
		ED87E5C429E33B4800712E98 /* CryptoLogoView.swift */ = {isa = PBXFileReference; lastKnownFileType = sourcecode.swift; path = CryptoLogoView.swift; sourceTree = "<group>"; };
		ED9B43D229E7FCDF00E5D645 /* DetailView.swift */ = {isa = PBXFileReference; lastKnownFileType = sourcecode.swift; path = DetailView.swift; sourceTree = "<group>"; };
		ED9B43D429E7FD6B00E5D645 /* DetailViewModel.swift */ = {isa = PBXFileReference; lastKnownFileType = sourcecode.swift; path = DetailViewModel.swift; sourceTree = "<group>"; };
		ED9B43D629E808AC00E5D645 /* CryptoDetailModel.swift */ = {isa = PBXFileReference; lastKnownFileType = sourcecode.swift; path = CryptoDetailModel.swift; sourceTree = "<group>"; };
		ED9B43D829E80B6D00E5D645 /* CryptoDetailService.swift */ = {isa = PBXFileReference; lastKnownFileType = sourcecode.swift; path = CryptoDetailService.swift; sourceTree = "<group>"; };
		ED9B43DA29E82F1800E5D645 /* ChartView.swift */ = {isa = PBXFileReference; lastKnownFileType = sourcecode.swift; path = ChartView.swift; sourceTree = "<group>"; };
		ED9B43DC29E837E700E5D645 /* Date.swift */ = {isa = PBXFileReference; lastKnownFileType = sourcecode.swift; path = Date.swift; sourceTree = "<group>"; };
		ED9B43DE29E8506400E5D645 /* String.swift */ = {isa = PBXFileReference; lastKnownFileType = sourcecode.swift; path = String.swift; sourceTree = "<group>"; };
		ED9B43E229E867C500E5D645 /* SettingsView.swift */ = {isa = PBXFileReference; lastKnownFileType = sourcecode.swift; path = SettingsView.swift; sourceTree = "<group>"; };
		ED9B43F029E93D2E00E5D645 /* LaunchScreen.storyboard */ = {isa = PBXFileReference; lastKnownFileType = file.storyboard; path = LaunchScreen.storyboard; sourceTree = "<group>"; };
		ED9B43F229E93F1200E5D645 /* LaunchView.swift */ = {isa = PBXFileReference; lastKnownFileType = sourcecode.swift; path = LaunchView.swift; sourceTree = "<group>"; };
		EDA63DC729EC0A280023F1BA /* RefreshSound.mp3 */ = {isa = PBXFileReference; lastKnownFileType = audio.mp3; path = RefreshSound.mp3; sourceTree = "<group>"; };
		EDA63DC829EC0A290023F1BA /* PullSound.mp3 */ = {isa = PBXFileReference; lastKnownFileType = audio.mp3; path = PullSound.mp3; sourceTree = "<group>"; };
		EDA63DCC29EC394F0023F1BA /* SoundManager.swift */ = {isa = PBXFileReference; lastKnownFileType = sourcecode.swift; path = SoundManager.swift; sourceTree = "<group>"; };
		EDA63DCE29ECA6CD0023F1BA /* MainView.swift */ = {isa = PBXFileReference; lastKnownFileType = sourcecode.swift; path = MainView.swift; sourceTree = "<group>"; };
		EDA63DD129ECAAB30023F1BA /* TabButton.swift */ = {isa = PBXFileReference; lastKnownFileType = sourcecode.swift; path = TabButton.swift; sourceTree = "<group>"; };
		EDA63DD729ECADD30023F1BA /* ContentView.swift */ = {isa = PBXFileReference; fileEncoding = 4; lastKnownFileType = sourcecode.swift; name = ContentView.swift; path = "Preview Content/ContentView.swift"; sourceTree = "<group>"; };
		EDA63DDA29ECAF750023F1BA /* CustomCorners.swift */ = {isa = PBXFileReference; lastKnownFileType = sourcecode.swift; path = CustomCorners.swift; sourceTree = "<group>"; };
		EDA63DDC29EDAD0C0023F1BA /* SideMenuView.swift */ = {isa = PBXFileReference; lastKnownFileType = sourcecode.swift; path = SideMenuView.swift; sourceTree = "<group>"; };
		EDA63DDE29EDADEB0023F1BA /* MainTabView.swift */ = {isa = PBXFileReference; lastKnownFileType = sourcecode.swift; path = MainTabView.swift; sourceTree = "<group>"; };
		EDD2E73E29E44BDF001A912A /* PortfolioDataModel.xcdatamodel */ = {isa = PBXFileReference; lastKnownFileType = wrapper.xcdatamodel; path = PortfolioDataModel.xcdatamodel; sourceTree = "<group>"; };
/* End PBXFileReference section */

/* Begin PBXFrameworksBuildPhase section */
		ED87E55D29DED63400712E98 /* Frameworks */ = {
			isa = PBXFrameworksBuildPhase;
			buildActionMask = 2147483647;
			files = (
				2A40E65B29EF5913007B0FD2 /* Shimmer in Frameworks */,
			);
			runOnlyForDeploymentPostprocessing = 0;
		};
/* End PBXFrameworksBuildPhase section */

/* Begin PBXGroup section */
		A40B797604A18B4A4652A175 /* Frameworks */ = {
			isa = PBXGroup;
			children = (
				601A7C035514DB88DDE1402B /* Pods_CryptoMall.framework */,
			);
			name = Frameworks;
			sourceTree = "<group>";
		};
		ED87E55729DED63400712E98 = {
			isa = PBXGroup;
			children = (
				ED87E56229DED63400712E98 /* CryptoMall */,
				ED87E56129DED63400712E98 /* Products */,
				A40B797604A18B4A4652A175 /* Frameworks */,
			);
			sourceTree = "<group>";
		};
		ED87E56129DED63400712E98 /* Products */ = {
			isa = PBXGroup;
			children = (
				ED87E56029DED63400712E98 /* CryptoMall.app */,
			);
			name = Products;
			sourceTree = "<group>";
		};
		ED87E56229DED63400712E98 /* CryptoMall */ = {
			isa = PBXGroup;
			children = (
				ED87E56329DED63400712E98 /* CryptoMallApp.swift */,
				ED87E5A329E0C55D00712E98 /* Utilities */,
				ED87E5A029E03E6C00712E98 /* Services */,
				ED87E59529E002F600712E98 /* Models */,
				ED87E58329DF292600712E98 /* Core */,
				ED87E57629DF172200712E98 /* Extensions */,
				EDA63DCB29EC0B400023F1BA /* Sounds */,
				EDA63DD729ECADD30023F1BA /* ContentView.swift */,
				ED87E56929DED63700712E98 /* Preview Content */,
				2A40E65C29EF597B007B0FD2 /* Assets.xcassets */,
			);
			path = CryptoMall;
			sourceTree = "<group>";
		};
		ED87E56929DED63700712E98 /* Preview Content */ = {
			isa = PBXGroup;
			children = (
				ED87E56A29DED63700712E98 /* Preview Assets.xcassets */,
			);
			path = "Preview Content";
			sourceTree = "<group>";
		};
		ED87E57629DF172200712E98 /* Extensions */ = {
			isa = PBXGroup;
			children = (
				ED87E58129DF26CF00712E98 /* Color.swift */,
				ED87E59A29E016D500712E98 /* PreviewProvider.swift */,
				ED87E59C29E01F2000712E98 /* Double.swift */,
				ED87E5B129E212C700712E98 /* UIAplication.swift */,
				ED9B43DC29E837E700E5D645 /* Date.swift */,
				ED9B43DE29E8506400E5D645 /* String.swift */,
			);
			path = Extensions;
			sourceTree = "<group>";
		};
		ED87E58329DF292600712E98 /* Core */ = {
			isa = PBXGroup;
			children = (
				ED9B43EE29E93CFE00E5D645 /* Launch */,
				ED87E58429DF293300712E98 /* Home */,
				EDA63DE729EDDB820023F1BA /* SideMenu */,
				ED9B43CF29E7FCB700E5D645 /* Detail */,
				ED9B43E029E867AF00E5D645 /* Settings */,
				ED87E58929DF2AA300712E98 /* Components */,
			);
			path = Core;
			sourceTree = "<group>";
		};
		ED87E58429DF293300712E98 /* Home */ = {
			isa = PBXGroup;
			children = (
				ED87E58529DF293800712E98 /* Views */,
				ED87E58629DF293D00712E98 /* ViewModels */,
			);
			path = Home;
			sourceTree = "<group>";
		};
		ED87E58529DF293800712E98 /* Views */ = {
			isa = PBXGroup;
			children = (
				ED87E58729DF296E00712E98 /* HomeView.swift */,
				ED87E5B729E2BDCA00712E98 /* HomeStatsView.swift */,
				ED87E59829E0166B00712E98 /* CryptoRowView.swift */,
				ED87E5C029E3108500712E98 /* PortfolioView.swift */,
				ED5B276F29E5FB1700451559 /* CustomRefreshVie.swift */,
			);
			path = Views;
			sourceTree = "<group>";
		};
		ED87E58629DF293D00712E98 /* ViewModels */ = {
			isa = PBXGroup;
			children = (
				ED87E59E29E033BB00712E98 /* HomeViewModel.swift */,
			);
			path = ViewModels;
			sourceTree = "<group>";
		};
		ED87E58929DF2AA300712E98 /* Components */ = {
			isa = PBXGroup;
			children = (
				EDA63DD929ECAF620023F1BA /* CustomCorners */,
				EDA63DD029ECAAA30023F1BA /* TabButton */,
				ED87E5C629E33D5900712E98 /* Buttons */,
				ED87E5BD29E2CD1600712E98 /* SearchBar */,
				ED87E5A629E0CBB800712E98 /* CoinImage */,
				ED87E58A29DF2AAC00712E98 /* CircleButton */,
			);
			path = Components;
			sourceTree = "<group>";
		};
		ED87E58A29DF2AAC00712E98 /* CircleButton */ = {
			isa = PBXGroup;
			children = (
				ED87E58B29DF2AC800712E98 /* CircleButtonView.swift */,
				ED87E59129DFFE9D00712E98 /* CircleButtonAnimationView.swift */,
			);
			path = CircleButton;
			sourceTree = "<group>";
		};
		ED87E59529E002F600712E98 /* Models */ = {
			isa = PBXGroup;
			children = (
				ED87E59629E0030900712E98 /* CryptoModel.swift */,
				ED87E5B329E2198700712E98 /* Statistics.swift */,
				ED87E5B929E2C11800712E98 /* MarketDataModel.swift */,
				EDD2E73D29E44BDF001A912A /* PortfolioDataModel.xcdatamodeld */,
				ED9B43D629E808AC00E5D645 /* CryptoDetailModel.swift */,
			);
			path = Models;
			sourceTree = "<group>";
		};
		ED87E5A029E03E6C00712E98 /* Services */ = {
			isa = PBXGroup;
			children = (
				ED87E5A129E03E9900712E98 /* CryptoDataSeervices.swift */,
				ED87E5BB29E2C54A00712E98 /* MarketDataService.swift */,
				ED87E5A929E1887B00712E98 /* CryptoImageService.swift */,
				ED9B43D829E80B6D00E5D645 /* CryptoDetailService.swift */,
				ED5B276B29E564E500451559 /* PortfolioDataService.swift */,
			);
			path = Services;
			sourceTree = "<group>";
		};
		ED87E5A329E0C55D00712E98 /* Utilities */ = {
			isa = PBXGroup;
			children = (
				ED87E5A429E0C57D00712E98 /* NetManager.swift */,
				ED87E5AD29E1907800712E98 /* DataStorage.swift */,
				ED5B276D29E5B98400451559 /* HapticManager.swift */,
				EDA63DCC29EC394F0023F1BA /* SoundManager.swift */,
			);
			path = Utilities;
			sourceTree = "<group>";
		};
		ED87E5A629E0CBB800712E98 /* CoinImage */ = {
			isa = PBXGroup;
			children = (
				ED87E5A729E0CBC900712E98 /* CryptoImageView.swift */,
				ED87E5AB29E18A7800712E98 /* CoinImageViewModel.swift */,
				ED87E5C429E33B4800712E98 /* CryptoLogoView.swift */,
			);
			path = CoinImage;
			sourceTree = "<group>";
		};
		ED87E5BD29E2CD1600712E98 /* SearchBar */ = {
			isa = PBXGroup;
			children = (
				ED87E5AF29E19B4B00712E98 /* SearchbarView.swift */,
				ED87E5B529E2B97000712E98 /* StatisticsView.swift */,
			);
			path = SearchBar;
			sourceTree = "<group>";
		};
		ED87E5C629E33D5900712E98 /* Buttons */ = {
			isa = PBXGroup;
			children = (
				ED87E5C229E337FA00712E98 /* XmarkButton.swift */,
			);
			path = Buttons;
			sourceTree = "<group>";
		};
		ED9B43CF29E7FCB700E5D645 /* Detail */ = {
			isa = PBXGroup;
			children = (
				ED9B43D129E7FCC900E5D645 /* Views */,
				ED9B43D029E7FCC100E5D645 /* ViewModels */,
			);
			path = Detail;
			sourceTree = "<group>";
		};
		ED9B43D029E7FCC100E5D645 /* ViewModels */ = {
			isa = PBXGroup;
			children = (
				ED9B43D429E7FD6B00E5D645 /* DetailViewModel.swift */,
			);
			path = ViewModels;
			sourceTree = "<group>";
		};
		ED9B43D129E7FCC900E5D645 /* Views */ = {
			isa = PBXGroup;
			children = (
				ED9B43D229E7FCDF00E5D645 /* DetailView.swift */,
				ED9B43DA29E82F1800E5D645 /* ChartView.swift */,
			);
			path = Views;
			sourceTree = "<group>";
		};
		ED9B43E029E867AF00E5D645 /* Settings */ = {
			isa = PBXGroup;
			children = (
				ED9B43E129E867B600E5D645 /* Views */,
			);
			path = Settings;
			sourceTree = "<group>";
		};
		ED9B43E129E867B600E5D645 /* Views */ = {
			isa = PBXGroup;
			children = (
				ED9B43E229E867C500E5D645 /* SettingsView.swift */,
			);
			path = Views;
			sourceTree = "<group>";
		};
		ED9B43EE29E93CFE00E5D645 /* Launch */ = {
			isa = PBXGroup;
			children = (
				ED9B43EF29E93D0A00E5D645 /* Views */,
			);
			path = Launch;
			sourceTree = "<group>";
		};
		ED9B43EF29E93D0A00E5D645 /* Views */ = {
			isa = PBXGroup;
			children = (
				ED9B43F029E93D2E00E5D645 /* LaunchScreen.storyboard */,
				ED9B43F229E93F1200E5D645 /* LaunchView.swift */,
			);
			path = Views;
			sourceTree = "<group>";
		};
		EDA63DCB29EC0B400023F1BA /* Sounds */ = {
			isa = PBXGroup;
			children = (
				EDA63DC829EC0A290023F1BA /* PullSound.mp3 */,
				EDA63DC729EC0A280023F1BA /* RefreshSound.mp3 */,
			);
			path = Sounds;
			sourceTree = "<group>";
		};
		EDA63DD029ECAAA30023F1BA /* TabButton */ = {
			isa = PBXGroup;
			children = (
				EDA63DD129ECAAB30023F1BA /* TabButton.swift */,
			);
			path = TabButton;
			sourceTree = "<group>";
		};
		EDA63DD929ECAF620023F1BA /* CustomCorners */ = {
			isa = PBXGroup;
			children = (
				EDA63DDA29ECAF750023F1BA /* CustomCorners.swift */,
			);
			path = CustomCorners;
			sourceTree = "<group>";
		};
		EDA63DE729EDDB820023F1BA /* SideMenu */ = {
			isa = PBXGroup;
			children = (
				EDA63DCE29ECA6CD0023F1BA /* MainView.swift */,
				EDA63DDC29EDAD0C0023F1BA /* SideMenuView.swift */,
				EDA63DDE29EDADEB0023F1BA /* MainTabView.swift */,
			);
			path = SideMenu;
			sourceTree = "<group>";
		};
/* End PBXGroup section */

/* Begin PBXNativeTarget section */
		ED87E55F29DED63400712E98 /* CryptoMall */ = {
			isa = PBXNativeTarget;
			buildConfigurationList = ED87E56E29DED63700712E98 /* Build configuration list for PBXNativeTarget "CryptoMall" */;
			buildPhases = (
				ED87E55C29DED63400712E98 /* Sources */,
				ED87E55D29DED63400712E98 /* Frameworks */,
				ED87E55E29DED63400712E98 /* Resources */,
			);
			buildRules = (
			);
			dependencies = (
			);
			name = CryptoMall;
			packageProductDependencies = (
				2A40E65A29EF5913007B0FD2 /* Shimmer */,
			);
			productName = CryptoMall;
			productReference = ED87E56029DED63400712E98 /* CryptoMall.app */;
			productType = "com.apple.product-type.application";
		};
/* End PBXNativeTarget section */

/* Begin PBXProject section */
		ED87E55829DED63400712E98 /* Project object */ = {
			isa = PBXProject;
			attributes = {
				BuildIndependentTargetsInParallel = 1;
				LastSwiftUpdateCheck = 1420;
				LastUpgradeCheck = 1420;
				TargetAttributes = {
					ED87E55F29DED63400712E98 = {
						CreatedOnToolsVersion = 14.2;
					};
				};
			};
			buildConfigurationList = ED87E55B29DED63400712E98 /* Build configuration list for PBXProject "CryptoMall" */;
			compatibilityVersion = "Xcode 14.0";
			developmentRegion = en;
			hasScannedForEncodings = 0;
			knownRegions = (
				en,
				Base,
			);
			mainGroup = ED87E55729DED63400712E98;
			packageReferences = (
				2A40E65929EF5913007B0FD2 /* XCRemoteSwiftPackageReference "SwiftUI-Shimmer" */,
			);
			productRefGroup = ED87E56129DED63400712E98 /* Products */;
			projectDirPath = "";
			projectRoot = "";
			targets = (
				ED87E55F29DED63400712E98 /* CryptoMall */,
			);
		};
/* End PBXProject section */

/* Begin PBXResourcesBuildPhase section */
		ED87E55E29DED63400712E98 /* Resources */ = {
			isa = PBXResourcesBuildPhase;
			buildActionMask = 2147483647;
			files = (
				EDA63DCA29EC0A290023F1BA /* PullSound.mp3 in Resources */,
				ED9B43F129E93D2E00E5D645 /* LaunchScreen.storyboard in Resources */,
				2A40E65D29EF597B007B0FD2 /* Assets.xcassets in Resources */,
				ED87E56B29DED63700712E98 /* Preview Assets.xcassets in Resources */,
				EDA63DC929EC0A290023F1BA /* RefreshSound.mp3 in Resources */,
			);
			runOnlyForDeploymentPostprocessing = 0;
		};
/* End PBXResourcesBuildPhase section */

/* Begin PBXSourcesBuildPhase section */
		ED87E55C29DED63400712E98 /* Sources */ = {
			isa = PBXSourcesBuildPhase;
			buildActionMask = 2147483647;
			files = (
				ED9B43DF29E8506400E5D645 /* String.swift in Sources */,
				ED9B43F329E93F1200E5D645 /* LaunchView.swift in Sources */,
				ED87E58829DF296E00712E98 /* HomeView.swift in Sources */,
				ED87E5A229E03E9900712E98 /* CryptoDataSeervices.swift in Sources */,
				ED87E5AE29E1907800712E98 /* DataStorage.swift in Sources */,
				EDA63DDB29ECAF750023F1BA /* CustomCorners.swift in Sources */,
				ED87E56429DED63400712E98 /* CryptoMallApp.swift in Sources */,
				ED87E59729E0030900712E98 /* CryptoModel.swift in Sources */,
				ED87E5BA29E2C11800712E98 /* MarketDataModel.swift in Sources */,
				ED87E59229DFFE9D00712E98 /* CircleButtonAnimationView.swift in Sources */,
				EDA63DCD29EC394F0023F1BA /* SoundManager.swift in Sources */,
				ED87E5AA29E1887B00712E98 /* CryptoImageService.swift in Sources */,
				EDA63DDD29EDAD0D0023F1BA /* SideMenuView.swift in Sources */,
				ED87E59B29E016D500712E98 /* PreviewProvider.swift in Sources */,
				ED87E5AC29E18A7800712E98 /* CoinImageViewModel.swift in Sources */,
				ED9B43E329E867C500E5D645 /* SettingsView.swift in Sources */,
				ED9B43DD29E837E700E5D645 /* Date.swift in Sources */,
				ED87E5B629E2B97000712E98 /* StatisticsView.swift in Sources */,
				ED87E59929E0166B00712E98 /* CryptoRowView.swift in Sources */,
				EDA63DCF29ECA6CD0023F1BA /* MainView.swift in Sources */,
				EDA63DDF29EDADEB0023F1BA /* MainTabView.swift in Sources */,
				ED87E59F29E033BB00712E98 /* HomeViewModel.swift in Sources */,
				ED87E5B229E212C700712E98 /* UIAplication.swift in Sources */,
				ED87E58C29DF2AC800712E98 /* CircleButtonView.swift in Sources */,
				ED5B276E29E5B98400451559 /* HapticManager.swift in Sources */,
				ED87E5C529E33B4800712E98 /* CryptoLogoView.swift in Sources */,
				ED87E5B829E2BDCA00712E98 /* HomeStatsView.swift in Sources */,
				ED9B43D729E808AC00E5D645 /* CryptoDetailModel.swift in Sources */,
				ED87E5C329E337FA00712E98 /* XmarkButton.swift in Sources */,
				ED87E5BC29E2C54A00712E98 /* MarketDataService.swift in Sources */,
				EDA63DD829ECADD30023F1BA /* ContentView.swift in Sources */,
				EDA63DD229ECAAB30023F1BA /* TabButton.swift in Sources */,
				ED87E59D29E01F2000712E98 /* Double.swift in Sources */,
				ED9B43DB29E82F1800E5D645 /* ChartView.swift in Sources */,
				ED9B43D929E80B6D00E5D645 /* CryptoDetailService.swift in Sources */,
				ED87E5B029E19B4B00712E98 /* SearchbarView.swift in Sources */,
				ED87E5A529E0C57D00712E98 /* NetManager.swift in Sources */,
				ED87E5C129E3108500712E98 /* PortfolioView.swift in Sources */,
				ED9B43D329E7FCDF00E5D645 /* DetailView.swift in Sources */,
				ED5B277029E5FB1700451559 /* CustomRefreshVie.swift in Sources */,
				EDD2E73F29E44BDF001A912A /* PortfolioDataModel.xcdatamodeld in Sources */,
				ED87E58229DF26CF00712E98 /* Color.swift in Sources */,
				ED87E5B429E2198700712E98 /* Statistics.swift in Sources */,
				ED87E5A829E0CBC900712E98 /* CryptoImageView.swift in Sources */,
				ED9B43D529E7FD6B00E5D645 /* DetailViewModel.swift in Sources */,
				ED5B276C29E564E500451559 /* PortfolioDataService.swift in Sources */,
			);
			runOnlyForDeploymentPostprocessing = 0;
		};
/* End PBXSourcesBuildPhase section */

/* Begin XCBuildConfiguration section */
		ED87E56C29DED63700712E98 /* Debug */ = {
			isa = XCBuildConfiguration;
			buildSettings = {
				ALWAYS_SEARCH_USER_PATHS = NO;
				CLANG_ANALYZER_NONNULL = YES;
				CLANG_ANALYZER_NUMBER_OBJECT_CONVERSION = YES_AGGRESSIVE;
				CLANG_CXX_LANGUAGE_STANDARD = "gnu++20";
				CLANG_ENABLE_MODULES = YES;
				CLANG_ENABLE_OBJC_ARC = YES;
				CLANG_ENABLE_OBJC_WEAK = YES;
				CLANG_WARN_BLOCK_CAPTURE_AUTORELEASING = YES;
				CLANG_WARN_BOOL_CONVERSION = YES;
				CLANG_WARN_COMMA = YES;
				CLANG_WARN_CONSTANT_CONVERSION = YES;
				CLANG_WARN_DEPRECATED_OBJC_IMPLEMENTATIONS = YES;
				CLANG_WARN_DIRECT_OBJC_ISA_USAGE = YES_ERROR;
				CLANG_WARN_DOCUMENTATION_COMMENTS = YES;
				CLANG_WARN_EMPTY_BODY = YES;
				CLANG_WARN_ENUM_CONVERSION = YES;
				CLANG_WARN_INFINITE_RECURSION = YES;
				CLANG_WARN_INT_CONVERSION = YES;
				CLANG_WARN_NON_LITERAL_NULL_CONVERSION = YES;
				CLANG_WARN_OBJC_IMPLICIT_RETAIN_SELF = YES;
				CLANG_WARN_OBJC_LITERAL_CONVERSION = YES;
				CLANG_WARN_OBJC_ROOT_CLASS = YES_ERROR;
				CLANG_WARN_QUOTED_INCLUDE_IN_FRAMEWORK_HEADER = YES;
				CLANG_WARN_RANGE_LOOP_ANALYSIS = YES;
				CLANG_WARN_STRICT_PROTOTYPES = YES;
				CLANG_WARN_SUSPICIOUS_MOVE = YES;
				CLANG_WARN_UNGUARDED_AVAILABILITY = YES_AGGRESSIVE;
				CLANG_WARN_UNREACHABLE_CODE = YES;
				CLANG_WARN__DUPLICATE_METHOD_MATCH = YES;
				COPY_PHASE_STRIP = NO;
				DEBUG_INFORMATION_FORMAT = dwarf;
				ENABLE_STRICT_OBJC_MSGSEND = YES;
				ENABLE_TESTABILITY = YES;
				GCC_C_LANGUAGE_STANDARD = gnu11;
				GCC_DYNAMIC_NO_PIC = NO;
				GCC_NO_COMMON_BLOCKS = YES;
				GCC_OPTIMIZATION_LEVEL = 0;
				GCC_PREPROCESSOR_DEFINITIONS = (
					"DEBUG=1",
					"$(inherited)",
				);
				GCC_WARN_64_TO_32_BIT_CONVERSION = YES;
				GCC_WARN_ABOUT_RETURN_TYPE = YES_ERROR;
				GCC_WARN_UNDECLARED_SELECTOR = YES;
				GCC_WARN_UNINITIALIZED_AUTOS = YES_AGGRESSIVE;
				GCC_WARN_UNUSED_FUNCTION = YES;
				GCC_WARN_UNUSED_VARIABLE = YES;
				IPHONEOS_DEPLOYMENT_TARGET = 16.2;
				MTL_ENABLE_DEBUG_INFO = INCLUDE_SOURCE;
				MTL_FAST_MATH = YES;
				ONLY_ACTIVE_ARCH = YES;
				SDKROOT = iphoneos;
				SWIFT_ACTIVE_COMPILATION_CONDITIONS = DEBUG;
				SWIFT_OPTIMIZATION_LEVEL = "-Onone";
			};
			name = Debug;
		};
		ED87E56D29DED63700712E98 /* Release */ = {
			isa = XCBuildConfiguration;
			buildSettings = {
				ALWAYS_SEARCH_USER_PATHS = NO;
				CLANG_ANALYZER_NONNULL = YES;
				CLANG_ANALYZER_NUMBER_OBJECT_CONVERSION = YES_AGGRESSIVE;
				CLANG_CXX_LANGUAGE_STANDARD = "gnu++20";
				CLANG_ENABLE_MODULES = YES;
				CLANG_ENABLE_OBJC_ARC = YES;
				CLANG_ENABLE_OBJC_WEAK = YES;
				CLANG_WARN_BLOCK_CAPTURE_AUTORELEASING = YES;
				CLANG_WARN_BOOL_CONVERSION = YES;
				CLANG_WARN_COMMA = YES;
				CLANG_WARN_CONSTANT_CONVERSION = YES;
				CLANG_WARN_DEPRECATED_OBJC_IMPLEMENTATIONS = YES;
				CLANG_WARN_DIRECT_OBJC_ISA_USAGE = YES_ERROR;
				CLANG_WARN_DOCUMENTATION_COMMENTS = YES;
				CLANG_WARN_EMPTY_BODY = YES;
				CLANG_WARN_ENUM_CONVERSION = YES;
				CLANG_WARN_INFINITE_RECURSION = YES;
				CLANG_WARN_INT_CONVERSION = YES;
				CLANG_WARN_NON_LITERAL_NULL_CONVERSION = YES;
				CLANG_WARN_OBJC_IMPLICIT_RETAIN_SELF = YES;
				CLANG_WARN_OBJC_LITERAL_CONVERSION = YES;
				CLANG_WARN_OBJC_ROOT_CLASS = YES_ERROR;
				CLANG_WARN_QUOTED_INCLUDE_IN_FRAMEWORK_HEADER = YES;
				CLANG_WARN_RANGE_LOOP_ANALYSIS = YES;
				CLANG_WARN_STRICT_PROTOTYPES = YES;
				CLANG_WARN_SUSPICIOUS_MOVE = YES;
				CLANG_WARN_UNGUARDED_AVAILABILITY = YES_AGGRESSIVE;
				CLANG_WARN_UNREACHABLE_CODE = YES;
				CLANG_WARN__DUPLICATE_METHOD_MATCH = YES;
				COPY_PHASE_STRIP = NO;
				DEBUG_INFORMATION_FORMAT = "dwarf-with-dsym";
				ENABLE_NS_ASSERTIONS = NO;
				ENABLE_STRICT_OBJC_MSGSEND = YES;
				GCC_C_LANGUAGE_STANDARD = gnu11;
				GCC_NO_COMMON_BLOCKS = YES;
				GCC_WARN_64_TO_32_BIT_CONVERSION = YES;
				GCC_WARN_ABOUT_RETURN_TYPE = YES_ERROR;
				GCC_WARN_UNDECLARED_SELECTOR = YES;
				GCC_WARN_UNINITIALIZED_AUTOS = YES_AGGRESSIVE;
				GCC_WARN_UNUSED_FUNCTION = YES;
				GCC_WARN_UNUSED_VARIABLE = YES;
				IPHONEOS_DEPLOYMENT_TARGET = 16.2;
				MTL_ENABLE_DEBUG_INFO = NO;
				MTL_FAST_MATH = YES;
				SDKROOT = iphoneos;
				SWIFT_COMPILATION_MODE = wholemodule;
				SWIFT_OPTIMIZATION_LEVEL = "-O";
				VALIDATE_PRODUCT = YES;
			};
			name = Release;
		};
		ED87E56F29DED63700712E98 /* Debug */ = {
			isa = XCBuildConfiguration;
			buildSettings = {
				ASSETCATALOG_COMPILER_APPICON_NAME = AppIcon;
				ASSETCATALOG_COMPILER_GLOBAL_ACCENT_COLOR_NAME = AccentColor;
				CODE_SIGN_STYLE = Automatic;
				CURRENT_PROJECT_VERSION = 1;
				DEVELOPMENT_ASSET_PATHS = "\"CryptoMall/Preview Content\"";
				DEVELOPMENT_TEAM = "";
				ENABLE_PREVIEWS = YES;
				GENERATE_INFOPLIST_FILE = YES;
				INFOPLIST_KEY_CFBundleDisplayName = "Crypto-Space";
				INFOPLIST_KEY_UIApplicationSceneManifest_Generation = YES;
				INFOPLIST_KEY_UIApplicationSupportsIndirectInputEvents = YES;
				INFOPLIST_KEY_UILaunchStoryboardName = LaunchScreen.storyboard;
				INFOPLIST_KEY_UIStatusBarStyle = "";
				INFOPLIST_KEY_UISupportedInterfaceOrientations = UIInterfaceOrientationPortrait;
				IPHONEOS_DEPLOYMENT_TARGET = 16.0;
				LD_RUNPATH_SEARCH_PATHS = (
					"$(inherited)",
					"@executable_path/Frameworks",
				);
				MARKETING_VERSION = 1.0;
				PRODUCT_BUNDLE_IDENTIFIER = com.aclinaev.CryptoMall;
				PRODUCT_NAME = "$(TARGET_NAME)";
				SWIFT_EMIT_LOC_STRINGS = YES;
				SWIFT_VERSION = 5.0;
				TARGETED_DEVICE_FAMILY = "1,2";
			};
			name = Debug;
		};
		ED87E57029DED63700712E98 /* Release */ = {
			isa = XCBuildConfiguration;
			buildSettings = {
				ASSETCATALOG_COMPILER_APPICON_NAME = AppIcon;
				ASSETCATALOG_COMPILER_GLOBAL_ACCENT_COLOR_NAME = AccentColor;
				CODE_SIGN_STYLE = Automatic;
				CURRENT_PROJECT_VERSION = 1;
				DEVELOPMENT_ASSET_PATHS = "\"CryptoMall/Preview Content\"";
				DEVELOPMENT_TEAM = "";
				ENABLE_PREVIEWS = YES;
				GENERATE_INFOPLIST_FILE = YES;
				INFOPLIST_KEY_CFBundleDisplayName = "Crypto-Space";
				INFOPLIST_KEY_UIApplicationSceneManifest_Generation = YES;
				INFOPLIST_KEY_UIApplicationSupportsIndirectInputEvents = YES;
				INFOPLIST_KEY_UILaunchStoryboardName = LaunchScreen.storyboard;
				INFOPLIST_KEY_UIStatusBarStyle = "";
				INFOPLIST_KEY_UISupportedInterfaceOrientations = UIInterfaceOrientationPortrait;
				IPHONEOS_DEPLOYMENT_TARGET = 16.0;
				LD_RUNPATH_SEARCH_PATHS = (
					"$(inherited)",
					"@executable_path/Frameworks",
				);
				MARKETING_VERSION = 1.0;
				PRODUCT_BUNDLE_IDENTIFIER = com.aclinaev.CryptoMall;
				PRODUCT_NAME = "$(TARGET_NAME)";
				SWIFT_EMIT_LOC_STRINGS = YES;
				SWIFT_VERSION = 5.0;
				TARGETED_DEVICE_FAMILY = "1,2";
			};
			name = Release;
		};
/* End XCBuildConfiguration section */

/* Begin XCConfigurationList section */
		ED87E55B29DED63400712E98 /* Build configuration list for PBXProject "CryptoMall" */ = {
			isa = XCConfigurationList;
			buildConfigurations = (
				ED87E56C29DED63700712E98 /* Debug */,
				ED87E56D29DED63700712E98 /* Release */,
			);
			defaultConfigurationIsVisible = 0;
			defaultConfigurationName = Release;
		};
		ED87E56E29DED63700712E98 /* Build configuration list for PBXNativeTarget "CryptoMall" */ = {
			isa = XCConfigurationList;
			buildConfigurations = (
				ED87E56F29DED63700712E98 /* Debug */,
				ED87E57029DED63700712E98 /* Release */,
			);
			defaultConfigurationIsVisible = 0;
			defaultConfigurationName = Release;
		};
/* End XCConfigurationList section */

/* Begin XCRemoteSwiftPackageReference section */
		2A40E65929EF5913007B0FD2 /* XCRemoteSwiftPackageReference "SwiftUI-Shimmer" */ = {
			isa = XCRemoteSwiftPackageReference;
			repositoryURL = "https://github.com/markiv/SwiftUI-Shimmer.git";
			requirement = {
				kind = upToNextMinorVersion;
				minimumVersion = 1.3.0;
			};
		};
/* End XCRemoteSwiftPackageReference section */

/* Begin XCSwiftPackageProductDependency section */
		2A40E65A29EF5913007B0FD2 /* Shimmer */ = {
			isa = XCSwiftPackageProductDependency;
			package = 2A40E65929EF5913007B0FD2 /* XCRemoteSwiftPackageReference "SwiftUI-Shimmer" */;
			productName = Shimmer;
		};
/* End XCSwiftPackageProductDependency section */

/* Begin XCVersionGroup section */
		EDD2E73D29E44BDF001A912A /* PortfolioDataModel.xcdatamodeld */ = {
			isa = XCVersionGroup;
			children = (
				EDD2E73E29E44BDF001A912A /* PortfolioDataModel.xcdatamodel */,
			);
			currentVersion = EDD2E73E29E44BDF001A912A /* PortfolioDataModel.xcdatamodel */;
			path = PortfolioDataModel.xcdatamodeld;
			sourceTree = "<group>";
			versionGroupType = wrapper.xcdatamodel;
		};
/* End XCVersionGroup section */
	};
	rootObject = ED87E55829DED63400712E98 /* Project object */;
}
